
Microsoft Visual Studio Solution File, Format Version 12.00
# Visual Studio 2013
VisualStudioVersion = 12.0.21005.1
MinimumVisualStudioVersion = 10.0.40219.1
Project("{FAE04EC0-301F-11D3-BF4B-00C04F79EFBC}") = "Task1", "Task1\Task1.csproj", "{D6A1AD52-7EAF-4E86-B2F2-1A1C60AB14D5}"
EndProject
Project("{FAE04EC0-301F-11D3-BF4B-00C04F79EFBC}") = "Task2", "Task2\Task2.csproj", "{B2D3E211-0E0E-481B-A9B2-7177A4BB729A}"
EndProject
Project("{FAE04EC0-301F-11D3-BF4B-00C04F79EFBC}") = "Task1.Tests", "Task1.Tests\Task1.Tests.csproj", "{026EE30F-08A6-48C8-90DF-0843318EA405}"
EndProject
Project("{FAE04EC0-301F-11D3-BF4B-00C04F79EFBC}") = "Task2.Tests", "Task2.Tests\Task2.Tests.csproj", "{F87B273A-97A5-497C-BCE4-FA6C3DEC3A53}"
EndProject
Global
	GlobalSection(SolutionConfigurationPlatforms) = preSolution
		Debug|Any CPU = Debug|Any CPU
		Release|Any CPU = Release|Any CPU
	EndGlobalSection
	GlobalSection(ProjectConfigurationPlatforms) = postSolution
		{D6A1AD52-7EAF-4E86-B2F2-1A1C60AB14D5}.Debug|Any CPU.ActiveCfg = Debug|Any CPU
		{D6A1AD52-7EAF-4E86-B2F2-1A1C60AB14D5}.Debug|Any CPU.Build.0 = Debug|Any CPU
		{D6A1AD52-7EAF-4E86-B2F2-1A1C60AB14D5}.Release|Any CPU.ActiveCfg = Release|Any CPU
		{D6A1AD52-7EAF-4E86-B2F2-1A1C60AB14D5}.Release|Any CPU.Build.0 = Release|Any CPU
		{B2D3E211-0E0E-481B-A9B2-7177A4BB729A}.Debug|Any CPU.ActiveCfg = Debug|Any CPU
		{B2D3E211-0E0E-481B-A9B2-7177A4BB729A}.Debug|Any CPU.Build.0 = Debug|Any CPU
		{B2D3E211-0E0E-481B-A9B2-7177A4BB729A}.Release|Any CPU.ActiveCfg = Release|Any CPU
		{B2D3E211-0E0E-481B-A9B2-7177A4BB729A}.Release|Any CPU.Build.0 = Release|Any CPU
		{026EE30F-08A6-48C8-90DF-0843318EA405}.Debug|Any CPU.ActiveCfg = Debug|Any CPU
		{026EE30F-08A6-48C8-90DF-0843318EA405}.Debug|Any CPU.Build.0 = Debug|Any CPU
		{026EE30F-08A6-48C8-90DF-0843318EA405}.Release|Any CPU.ActiveCfg = Release|Any CPU
		{026EE30F-08A6-48C8-90DF-0843318EA405}.Release|Any CPU.Build.0 = Release|Any CPU
		{F87B273A-97A5-497C-BCE4-FA6C3DEC3A53}.Debug|Any CPU.ActiveCfg = Debug|Any CPU
		{F87B273A-97A5-497C-BCE4-FA6C3DEC3A53}.Debug|Any CPU.Build.0 = Debug|Any CPU
		{F87B273A-97A5-497C-BCE4-FA6C3DEC3A53}.Release|Any CPU.ActiveCfg = Release|Any CPU
		{F87B273A-97A5-497C-BCE4-FA6C3DEC3A53}.Release|Any CPU.Build.0 = Release|Any CPU
	EndGlobalSection
	GlobalSection(SolutionProperties) = preSolution
		HideSolutionNode = FALSE
	EndGlobalSection
EndGlobal
