
Microsoft Visual Studio Solution File, Format Version 12.00
# Visual Studio 15
VisualStudioVersion = 15.0.27004.2010
MinimumVisualStudioVersion = 10.0.40219.1
Project("{FAE04EC0-301F-11D3-BF4B-00C04F79EFBC}") = "Task1", "Homework14\Task1.csproj", "{FD47303B-8B55-4858-98BD-B7F76EB9446D}"
EndProject
Project("{FAE04EC0-301F-11D3-BF4B-00C04F79EFBC}") = "Task1.Tests", "Task1.Tests\Task1.Tests.csproj", "{C87C5DAC-277B-49DA-B932-E48A8BECAE86}"
EndProject
Global
	GlobalSection(SolutionConfigurationPlatforms) = preSolution
		Debug|Any CPU = Debug|Any CPU
		Release|Any CPU = Release|Any CPU
	EndGlobalSection
	GlobalSection(ProjectConfigurationPlatforms) = postSolution
		{FD47303B-8B55-4858-98BD-B7F76EB9446D}.Debug|Any CPU.ActiveCfg = Debug|Any CPU
		{FD47303B-8B55-4858-98BD-B7F76EB9446D}.Debug|Any CPU.Build.0 = Debug|Any CPU
		{FD47303B-8B55-4858-98BD-B7F76EB9446D}.Release|Any CPU.ActiveCfg = Release|Any CPU
		{FD47303B-8B55-4858-98BD-B7F76EB9446D}.Release|Any CPU.Build.0 = Release|Any CPU
		{C87C5DAC-277B-49DA-B932-E48A8BECAE86}.Debug|Any CPU.ActiveCfg = Debug|Any CPU
		{C87C5DAC-277B-49DA-B932-E48A8BECAE86}.Debug|Any CPU.Build.0 = Debug|Any CPU
		{C87C5DAC-277B-49DA-B932-E48A8BECAE86}.Release|Any CPU.ActiveCfg = Release|Any CPU
		{C87C5DAC-277B-49DA-B932-E48A8BECAE86}.Release|Any CPU.Build.0 = Release|Any CPU
	EndGlobalSection
	GlobalSection(SolutionProperties) = preSolution
		HideSolutionNode = FALSE
	EndGlobalSection
	GlobalSection(ExtensibilityGlobals) = postSolution
		SolutionGuid = {23AD74CA-DF06-46C7-A02B-7AF6BDED1F86}
	EndGlobalSection
EndGlobal
