
Microsoft Visual Studio Solution File, Format Version 12.00
# Visual Studio 15
VisualStudioVersion = 15.0.27130.2003
MinimumVisualStudioVersion = 10.0.40219.1
Project("{FAE04EC0-301F-11D3-BF4B-00C04F79EFBC}") = "NUnitTestRunner", "NUnitTestRunner\NUnitTestRunner.csproj", "{FCB9FB18-9A3F-45D0-A4A4-CEFDC61D7073}"
EndProject
Project("{FAE04EC0-301F-11D3-BF4B-00C04F79EFBC}") = "TestSample", "TestSample\TestSample.csproj", "{41C4727D-AC76-4258-BA39-DB3A0DCB28A0}"
EndProject
Global
	GlobalSection(SolutionConfigurationPlatforms) = preSolution
		Debug|Any CPU = Debug|Any CPU
		Release|Any CPU = Release|Any CPU
	EndGlobalSection
	GlobalSection(ProjectConfigurationPlatforms) = postSolution
		{FCB9FB18-9A3F-45D0-A4A4-CEFDC61D7073}.Debug|Any CPU.ActiveCfg = Debug|Any CPU
		{FCB9FB18-9A3F-45D0-A4A4-CEFDC61D7073}.Debug|Any CPU.Build.0 = Debug|Any CPU
		{FCB9FB18-9A3F-45D0-A4A4-CEFDC61D7073}.Release|Any CPU.ActiveCfg = Release|Any CPU
		{FCB9FB18-9A3F-45D0-A4A4-CEFDC61D7073}.Release|Any CPU.Build.0 = Release|Any CPU
		{41C4727D-AC76-4258-BA39-DB3A0DCB28A0}.Debug|Any CPU.ActiveCfg = Debug|Any CPU
		{41C4727D-AC76-4258-BA39-DB3A0DCB28A0}.Debug|Any CPU.Build.0 = Debug|Any CPU
		{41C4727D-AC76-4258-BA39-DB3A0DCB28A0}.Release|Any CPU.ActiveCfg = Release|Any CPU
		{41C4727D-AC76-4258-BA39-DB3A0DCB28A0}.Release|Any CPU.Build.0 = Release|Any CPU
	EndGlobalSection
	GlobalSection(SolutionProperties) = preSolution
		HideSolutionNode = FALSE
	EndGlobalSection
	GlobalSection(ExtensibilityGlobals) = postSolution
		SolutionGuid = {9364ABE0-4961-43E5-8BA2-6A5DC60A3D5A}
	EndGlobalSection
EndGlobal
